# Generated by pub
# See https://dart.dev/tools/pub/glossary#lockfile
packages:
  _flutterfire_internals:
    dependency: transitive
    description:
      name: _flutterfire_internals
      sha256: "secret"
      url: "https://pub.dev"
    source: hosted
    version: "1.3.35"
  archive:
    dependency: transitive
    description:
      name: archive
      sha256: "secret"
      url: "https://pub.dev"
    source: hosted
    version: "3.6.1"
  args:
    dependency: transitive
    description:
      name: args
      sha256: "secret"
      url: "https://pub.dev"
    source: hosted
    version: "2.5.0"
  async:
    dependency: transitive
    description:
      name: async
      sha256: "secret"
      url: "https://pub.dev"
    source: hosted
    version: "2.11.0"
  audioplayers:
    dependency: "direct main"
    description:
      name: audioplayers
      sha256: "secret"
      url: "https://pub.dev"
    source: hosted
    version: "6.0.0"
  audioplayers_android:
    dependency: transitive
    description:
      name: audioplayers_android
      sha256: secret
      url: "https://pub.dev"
    source: hosted
    version: "5.0.0"
  audioplayers_darwin:
    dependency: transitive
    description:
      name: audioplayers_darwin
      sha256: secret
      url: "https://pub.dev"
    source: hosted
    version: "6.0.0"
  audioplayers_linux:
    dependency: transitive
    description:
      name: audioplayers_linux
      sha256: "secret"
      url: "https://pub.dev"
    source: hosted
    version: "4.0.0"
  audioplayers_platform_interface:
    dependency: transitive
    description:
      name: audioplayers_platform_interface
      sha256: "secret"
      url: "https://pub.dev"
    source: hosted
    version: "7.0.0"
  audioplayers_web:
    dependency: transitive
    description:
      name: audioplayers_web
      sha256: secret
      url: "https://pub.dev"
    source: hosted
    version: "5.0.0"
  audioplayers_windows:
    dependency: transitive
    description:
      name: audioplayers_windows
      sha256: "secret"
      url: "https://pub.dev"
    source: hosted
    version: "4.0.0"
  boolean_selector:
    dependency: transitive
    description:
      name: boolean_selector
      sha256: "secret"
      url: "https://pub.dev"
    source: hosted
    version: "2.1.1"
  buffer:
    dependency: transitive
    description:
      name: buffer
      sha256: "secret"
      url: "https://pub.dev"
    source: hosted
    version: "1.2.3"
  characters:
    dependency: transitive
    description:
      name: characters
      sha256: "secret"
      url: "https://pub.dev"
    source: hosted
    version: "1.3.0"
  charcode:
    dependency: transitive
    description:
      name: charcode
      sha256: secret
      url: "https://pub.dev"
    source: hosted
    version: "1.3.1"
  checked_yaml:
    dependency: transitive
    description:
      name: checked_yaml
      sha256: secret
      url: "https://pub.dev"
    source: hosted
    version: "2.0.3"
  cli_util:
    dependency: transitive
    description:
      name: cli_util
      sha256: secret
      url: "https://pub.dev"
    source: hosted
    version: "0.4.1"
  clock:
    dependency: transitive
    description:
      name: clock
      sha256: secret
      url: "https://pub.dev"
    source: hosted
    version: "1.1.1"
  collection:
    dependency: transitive
    description:
      name: collection
      sha256: secret
      url: "https://pub.dev"
    source: hosted
    version: "1.18.0"
  convert:
    dependency: transitive
    description:
      name: convert
      sha256: "secret"
      url: "https://pub.dev"
    source: hosted
    version: "3.1.1"
  crypto:
    dependency: transitive
    description:
      name: crypto
      sha256: secret
      url: "https://pub.dev"
    source: hosted
    version: "3.0.3"
  dropdown_button2:
    dependency: "direct main"
    description:
      name: dropdown_button2
      sha256: secret
      url: "https://pub.dev"
    source: hosted
    version: "2.3.9"
  dropdown_textfield:
    dependency: "direct main"
    description:
      name: dropdown_textfield
      sha256: "secret"
      url: "https://pub.dev"
    source: hosted
    version: "1.0.8"
  equatable:
    dependency: transitive
    description:
      name: equatable
      sha256: secret
      url: "https://pub.dev"
    source: hosted
    version: "2.0.5"
  fake_async:
    dependency: transitive
    description:
      name: fake_async
      sha256: "secret"
      url: "https://pub.dev"
    source: hosted
    version: "1.3.1"
  ffi:
    dependency: transitive
    description:
      name: ffi
      sha256: "secret"
      url: "https://pub.dev"
    source: hosted
    version: "2.1.2"
  file:
    dependency: transitive
    description:
      name: file
      sha256: "secret"
      url: "https://pub.dev"
    source: hosted
    version: "7.0.0"
  firebase_auth:
    dependency: "direct main"
    description:
      name: firebase_auth
      sha256: secret
      url: "https://pub.dev"
    source: hosted
    version: "4.20.0"
  firebase_auth_platform_interface:
    dependency: transitive
    description:
      name: firebase_auth_platform_interface
      sha256: secret
      url: "https://pub.dev"
    source: hosted
    version: "7.3.0"
  firebase_auth_web:
    dependency: transitive
    description:
      name: firebase_auth_web
      sha256: "secret"
      url: "https://pub.dev"
    source: hosted
    version: "5.12.0"
  firebase_core:
    dependency: "direct main"
    description:
      name: firebase_core
      sha256: "secret"
      url: "https://pub.dev"
    source: hosted
    version: "2.32.0"
  firebase_core_platform_interface:
    dependency: transitive
    description:
      name: firebase_core_platform_interface
      sha256: "secret"
      url: "https://pub.dev"
    source: hosted
    version: "5.1.0"
  firebase_core_web:
    dependency: transitive
    description:
      name: firebase_core_web
      sha256: "secret"
      url: "https://pub.dev"
    source: hosted
    version: "2.17.2"
  fixnum:
    dependency: transitive
    description:
      name: fixnum
      sha256: "secret"
      url: "https://pub.dev"
    source: hosted
    version: "1.1.0"
  flutter:
    dependency: "direct main"
    description: flutter
    source: sdk
    version: "0.0.0"
  flutter_launcher_icons:
    dependency: "direct main"
    description:
      name: flutter_launcher_icons
      sha256: "secret"
      url: "https://pub.dev"
    source: hosted
    version: "0.13.1"
  flutter_lints:
    dependency: "direct dev"
    description:
      name: flutter_lints
      sha256: "secret"
      url: "https://pub.dev"
    source: hosted
    version: "3.0.2"
  flutter_nfc_kit:
    dependency: "direct main"
    description:
      name: flutter_nfc_kit
      sha256: secret
      url: "https://pub.dev"
    source: hosted
    version: "3.5.2"
  flutter_test:
    dependency: "direct dev"
    description: flutter
    source: sdk
    version: "0.0.0"
  flutter_web_plugins:
    dependency: transitive
    description: flutter
    source: sdk
    version: "0.0.0"
  font_awesome_flutter:
    dependency: "direct main"
    description:
      name: font_awesome_flutter
      sha256: "secret"
      url: "https://pub.dev"
    source: hosted
    version: "10.7.0"
  go_router:
    dependency: "direct main"
    description:
      name: go_router
      sha256: secret
      url: "https://pub.dev"
    source: hosted
    version: "14.2.0"
  google_identity_services_web:
    dependency: transitive
    description:
      name: google_identity_services_web
      sha256: "secret"
      url: "https://pub.dev"
    source: hosted
    version: "0.3.1+1"
  google_sign_in:
    dependency: "direct main"
    description:
      name: google_sign_in
      sha256: "secret"
      url: "https://pub.dev"
    source: hosted
    version: "6.2.1"
  google_sign_in_android:
    dependency: transitive
    description:
      name: google_sign_in_android
      sha256: "secret"
      url: "https://pub.dev"
    source: hosted
    version: "6.1.23"
  google_sign_in_ios:
    dependency: transitive
    description:
      name: google_sign_in_ios
      sha256: secret
      url: "https://pub.dev"
    source: hosted
    version: "5.7.6"
  google_sign_in_platform_interface:
    dependency: transitive
    description:
      name: google_sign_in_platform_interface
      sha256: "secret"
      url: "https://pub.dev"
    source: hosted
    version: "2.4.5"
  google_sign_in_web:
    dependency: transitive
    description:
      name: google_sign_in_web
      sha256: secret
      url: "https://pub.dev"
    source: hosted
    version: "0.12.4"
  http:
    dependency: transitive
    description:
      name: http
      sha256: "secret"
      url: "https://pub.dev"
    source: hosted
    version: "1.2.1"
  http_parser:
    dependency: transitive
    description:
      name: http_parser
      sha256: "secret"
      url: "https://pub.dev"
    source: hosted
    version: "4.0.2"
  image:
    dependency: transitive
    description:
      name: image
      sha256: "secret"
      url: "https://pub.dev"
    source: hosted
    version: "4.2.0"
  intl:
    dependency: "direct main"
    description:
      name: intl
      sha256: "secret"
      url: "https://pub.dev"
    source: hosted
    version: "0.18.1"
  js:
    dependency: transitive
    description:
      name: js
      sha256: secret
      url: "https://pub.dev"
    source: hosted
    version: "0.7.1"
  json_annotation:
    dependency: transitive
    description:
      name: json_annotation
      sha256: "secret"
      url: "https://pub.dev"
    source: hosted
    version: "4.9.0"
  leak_tracker:
    dependency: transitive
    description:
      name: leak_tracker
      sha256: "secret"
      url: "https://pub.dev"
    source: hosted
    version: "10.0.0"
  leak_tracker_flutter_testing:
    dependency: transitive
    description:
      name: leak_tracker_flutter_testing
      sha256: secret
      url: "https://pub.dev"
    source: hosted
    version: "2.0.1"
  leak_tracker_testing:
    dependency: transitive
    description:
      name: leak_tracker_testing
      sha256: secret
      url: "https://pub.dev"
    source: hosted
    version: "2.0.1"
  lints:
    dependency: transitive
    description:
      name: lints
      sha256: secret
      url: "https://pub.dev"
    source: hosted
    version: "3.0.0"
  loading_animation_widget:
    dependency: "direct main"
    description:
      name: loading_animation_widget
      sha256: secret
      url: "https://pub.dev"
    source: hosted
    version: "1.2.1"
  logging:
    dependency: transitive
    description:
      name: logging
      sha256: "secret"
      url: "https://pub.dev"
    source: hosted
    version: "1.2.0"
  matcher:
    dependency: transitive
    description:
      name: matcher
      sha256: secret
      url: "https://pub.dev"
    source: hosted
    version: "0.12.16+1"
  material_color_utilities:
    dependency: transitive
    description:
      name: material_color_utilities
      sha256: "secret"
      url: "https://pub.dev"
    source: hosted
    version: "0.8.0"
  meta:
    dependency: transitive
    description:
      name: meta
      sha256: secret
      url: "https://pub.dev"
    source: hosted
    version: "1.11.0"
  ndef:
    dependency: transitive
    description:
      name: ndef
      sha256: "secret"
      url: "https://pub.dev"
    source: hosted
    version: "0.3.3"
  nested:
    dependency: transitive
    description:
      name: nested
      sha256: "secret"
      url: "https://pub.dev"
    source: hosted
    version: "1.0.0"
  nfc_manager:
    dependency: "direct main"
    description:
      name: nfc_manager
      sha256: secret
      url: "https://pub.dev"
    source: hosted
    version: "3.5.0"
  path:
    dependency: transitive
    description:
      name: path
      sha256: "secret"
      url: "https://pub.dev"
    source: hosted
    version: "1.9.0"
  path_provider:
    dependency: transitive
    description:
      name: path_provider
      sha256: secret
      url: "https://pub.dev"
    source: hosted
    version: "2.1.3"
  path_provider_android:
    dependency: transitive
    description:
      name: path_provider_android
      sha256: secret
      url: "https://pub.dev"
    source: hosted
    version: "2.2.4"
  path_provider_foundation:
    dependency: transitive
    description:
      name: path_provider_foundation
      sha256: secret
      url: "https://pub.dev"
    source: hosted
    version: "2.4.0"
  path_provider_linux:
    dependency: transitive
    description:
      name: path_provider_linux
      sha256: secret
      url: "https://pub.dev"
    source: hosted
    version: "2.2.1"
  path_provider_platform_interface:
    dependency: transitive
    description:
      name: path_provider_platform_interface
      sha256: "secret"
      url: "https://pub.dev"
    source: hosted
    version: "2.1.2"
  path_provider_windows:
    dependency: transitive
    description:
      name: path_provider_windows
      sha256: "secret"
      url: "https://pub.dev"
    source: hosted
    version: "2.2.1"
  pedantic:
    dependency: transitive
    description:
      name: pedantic
      sha256: "secret"
      url: "https://pub.dev"
    source: hosted
    version: "1.11.1"
  petitparser:
    dependency: transitive
    description:
      name: petitparser
      sha256: secret
      url: "https://pub.dev"
    source: hosted
    version: "6.0.2"
  platform:
    dependency: transitive
    description:
      name: platform
      sha256: "secret"
      url: "https://pub.dev"
    source: hosted
    version: "3.1.5"
  plugin_platform_interface:
    dependency: transitive
    description:
      name: plugin_platform_interface
      sha256: "secret"
      url: "https://pub.dev"
    source: hosted
    version: "2.1.8"
  pool:
    dependency: transitive
    description:
      name: pool
      sha256: "secret"
      url: "https://pub.dev"
    source: hosted
    version: "1.5.1"
  postgres:
    dependency: "direct main"
    description:
      name: postgres
      sha256: secret
      url: "https://pub.dev"
    source: hosted
    version: "3.2.1"
  provider:
    dependency: "direct main"
    description:
      name: provider
      sha256: secret
      url: "https://pub.dev"
    source: hosted
    version: "6.1.2"
  qr:
    dependency: transitive
    description:
      name: qr
      sha256: "secret"
      url: "https://pub.dev"
    source: hosted
    version: "3.0.1"
  qr_flutter:
    dependency: "direct main"
    description:
      name: qr_flutter
      sha256: "secret"
      url: "https://pub.dev"
    source: hosted
    version: "4.1.0"
  sasl_scram:
    dependency: transitive
    description:
      name: sasl_scram
      sha256: secret
      url: "https://pub.dev"
    source: hosted
    version: "0.1.1"
  saslprep:
    dependency: transitive
    description:
      name: saslprep
      sha256: "secret"
      url: "https://pub.dev"
    source: hosted
    version: "1.0.2"
  sky_engine:
    dependency: transitive
    description: flutter
    source: sdk
    version: "0.0.99"
  source_span:
    dependency: transitive
    description:
      name: source_span
      sha256: "secret"
      url: "https://pub.dev"
    source: hosted
    version: "1.10.0"
  sprintf:
    dependency: transitive
    description:
      name: sprintf
      sha256: "secret"
      url: "https://pub.dev"
    source: hosted
    version: "7.0.0"
  stack_trace:
    dependency: transitive
    description:
      name: stack_trace
      sha256: "secret"
      url: "https://pub.dev"
    source: hosted
    version: "1.11.1"
  stream_channel:
    dependency: transitive
    description:
      name: stream_channel
      sha256: secret
      url: "https://pub.dev"
    source: hosted
    version: "2.1.2"
  string_scanner:
    dependency: transitive
    description:
      name: string_scanner
      sha256: "secret"
      url: "https://pub.dev"
    source: hosted
    version: "1.2.0"
  synchronized:
    dependency: transitive
    description:
      name: synchronized
      sha256: "secret"
      url: "https://pub.dev"
    source: hosted
    version: "3.1.0+1"
  term_glyph:
    dependency: transitive
    description:
      name: term_glyph
      sha256: secret
      url: "https://pub.dev"
    source: hosted
    version: "1.2.1"
  test_api:
    dependency: transitive
    description:
      name: test_api
      sha256: "secret"
      url: "https://pub.dev"
    source: hosted
    version: "0.6.1"
  typed_data:
    dependency: transitive
    description:
      name: typed_data
      sha256: secret
      url: "https://pub.dev"
    source: hosted
    version: "1.3.2"
  uni_links:
    dependency: "direct main"
    description:
      name: uni_links
      sha256: "secret"
      url: "https://pub.dev"
    source: hosted
    version: "0.5.1"
  uni_links_platform_interface:
    dependency: transitive
    description:
      name: uni_links_platform_interface
      sha256: "secret"
      url: "https://pub.dev"
    source: hosted
    version: "1.0.0"
  uni_links_web:
    dependency: transitive
    description:
      name: uni_links_web
      sha256: "secret"
      url: "https://pub.dev"
    source: hosted
    version: "0.1.0"
  unorm_dart:
    dependency: transitive
    description:
      name: unorm_dart
      sha256: "secret"
      url: "https://pub.dev"
    source: hosted
    version: "0.2.0"
  url_launcher:
    dependency: "direct main"
    description:
      name: url_launcher
      sha256: "secret"
      url: "https://pub.dev"
    source: hosted
    version: "6.3.0"
  url_launcher_android:
    dependency: transitive
    description:
      name: url_launcher_android
      sha256: "secret"
      url: "https://pub.dev"
    source: hosted
    version: "6.3.2"
  url_launcher_ios:
    dependency: transitive
    description:
      name: url_launcher_ios
      sha256: "secret"
      url: "https://pub.dev"secret
    source: hosted
    version: "6.3.0"
  url_launcher_linux:
    dependency: transitive
    description:
      name: url_launcher_linux
      sha256: secret
      url: "https://pub.dev"
    source: hosted
    version: "3.1.1"
  url_launcher_macos:
    dependency: transitive
    description:
      name: url_launcher_macos
      sha256: "secret"
      url: "https://pub.dev"
    source: hosted
    version: "3.2.0"
  url_launcher_platform_interface:
    dependency: transitive
    description:
      name: url_launcher_platform_interface
      sha256: "secret"
      url: "https://pub.dev"
    source: hosted
    version: "2.3.2"
  url_launcher_web:
    dependency: transitive
    description:
      name: url_launcher_web
      sha256: "secret"
      url: "https://pub.dev"
    source: hosted
    version: "2.3.1"
  url_launcher_windows:
    dependency: transitive
    description:
      name: url_launcher_windows
      sha256: secret
      url: "https://pub.dev"
    source: hosted
    version: "3.1.1"
  uuid:
    dependency: transitive
    description:
      name: uuid
      sha256: "secret"
      url: "https://pub.dev"
    source: hosted
    version: "4.4.0"
  vector_math:
    dependency: transitive
    description:
      name: vector_math
      sha256: "secret"
      url: "https://pub.dev"
    source: hosted
    version: "2.1.4"
  vm_service:
    dependency: transitive
    description:
      name: vm_service
      sha256: secret
      url: "https://pub.dev"
    source: hosted
    version: "13.0.0"
  web:
    dependency: transitive
    description:
      name: web
      sha256: "secret"
      url: "https://pub.dev"
    source: hosted
    version: "0.5.1"
  win32:
    dependency: transitive
    description:
      name: win32
      sha256: "secret"
      url: "https://pub.dev"
    source: hosted
    version: "5.5.0"
  xdg_directories:
    dependency: transitive
    description:
      name: xdg_directories
      sha256: secret
      url: "https://pub.dev"
    source: hosted
    version: "1.0.4"
  xml:
    dependency: transitive
    description:
      name: xml
      sha256: secret
      url: "https://pub.dev"
    source: hosted
    version: "6.5.0"
  yaml:
    dependency: transitive
    description:
      name: yaml
      sha256: "secret"
      url: "https://pub.dev"
    source: hosted
    version: "3.1.2"
sdks:
  dart: ">=3.3.4 <4.0.0"
  flutter: ">=3.19.0"
